// !$*UTF8*$!
{
	archiveVersion = 1;
	classes = {
	};
	objectVersion = 50;
	objects = {

/* Begin PBXBuildFile section */
		FE004A32233F43A700286A50 /* AppDelegate.swift in Sources */ = {isa = PBXBuildFile; fileRef = FE004A31233F43A700286A50 /* AppDelegate.swift */; };
		FE004A34233F43A700286A50 /* SceneDelegate.swift in Sources */ = {isa = PBXBuildFile; fileRef = FE004A33233F43A700286A50 /* SceneDelegate.swift */; };
		FE004A36233F43A700286A50 /* MasterViewController.swift in Sources */ = {isa = PBXBuildFile; fileRef = FE004A35233F43A700286A50 /* MasterViewController.swift */; };
		FE004A38233F43A700286A50 /* DetailViewController.swift in Sources */ = {isa = PBXBuildFile; fileRef = FE004A37233F43A700286A50 /* DetailViewController.swift */; };
		FE004A3B233F43A700286A50 /* Main.storyboard in Resources */ = {isa = PBXBuildFile; fileRef = FE004A39233F43A700286A50 /* Main.storyboard */; };
		FE004A3D233F43A800286A50 /* Assets.xcassets in Resources */ = {isa = PBXBuildFile; fileRef = FE004A3C233F43A800286A50 /* Assets.xcassets */; };
		FE004A40233F43A800286A50 /* LaunchScreen.storyboard in Resources */ = {isa = PBXBuildFile; fileRef = FE004A3E233F43A800286A50 /* LaunchScreen.storyboard */; };
/* End PBXBuildFile section */

/* Begin PBXFileReference section */
		FE004A2E233F43A700286A50 /* Splits.app */ = {isa = PBXFileReference; explicitFileType = wrapper.application; includeInIndex = 0; path = Splits.app; sourceTree = BUILT_PRODUCTS_DIR; };
		FE004A31233F43A700286A50 /* AppDelegate.swift */ = {isa = PBXFileReference; lastKnownFileType = sourcecode.swift; path = AppDelegate.swift; sourceTree = "<group>"; };
		FE004A33233F43A700286A50 /* SceneDelegate.swift */ = {isa = PBXFileReference; lastKnownFileType = sourcecode.swift; path = SceneDelegate.swift; sourceTree = "<group>"; };
		FE004A35233F43A700286A50 /* MasterViewController.swift */ = {isa = PBXFileReference; lastKnownFileType = sourcecode.swift; path = MasterViewController.swift; sourceTree = "<group>"; };
		FE004A37233F43A700286A50 /* DetailViewController.swift */ = {isa = PBXFileReference; lastKnownFileType = sourcecode.swift; path = DetailViewController.swift; sourceTree = "<group>"; };
		FE004A3A233F43A700286A50 /* Base */ = {isa = PBXFileReference; lastKnownFileType = file.storyboard; name = Base; path = Base.lproj/Main.storyboard; sourceTree = "<group>"; };
		FE004A3C233F43A800286A50 /* Assets.xcassets */ = {isa = PBXFileReference; lastKnownFileType = folder.assetcatalog; path = Assets.xcassets; sourceTree = "<group>"; };
		FE004A3F233F43A800286A50 /* Base */ = {isa = PBXFileReference; lastKnownFileType = file.storyboard; name = Base; path = Base.lproj/LaunchScreen.storyboard; sourceTree = "<group>"; };
		FE004A41233F43A800286A50 /* Info.plist */ = {isa = PBXFileReference; lastKnownFileType = text.plist.xml; path = Info.plist; sourceTree = "<group>"; };
/* End PBXFileReference section */

/* Begin PBXFrameworksBuildPhase section */
		FE004A2B233F43A700286A50 /* Frameworks */ = {
			isa = PBXFrameworksBuildPhase;
			buildActionMask = 2147483647;
			files = (
			);
			runOnlyForDeploymentPostprocessing = 0;
		};
/* End PBXFrameworksBuildPhase section */

/* Begin PBXGroup section */
		FE004A25233F43A700286A50 = {
			isa = PBXGroup;
			children = (
				FE004A30233F43A700286A50 /* Splits */,
				FE004A2F233F43A700286A50 /* Products */,
			);
			sourceTree = "<group>";
		};
		FE004A2F233F43A700286A50 /* Products */ = {
			isa = PBXGroup;
			children = (
				FE004A2E233F43A700286A50 /* Splits.app */,
			);
			name = Products;
			sourceTree = "<group>";
		};
		FE004A30233F43A700286A50 /* Splits */ = {
			isa = PBXGroup;
			children = (
				FE004A31233F43A700286A50 /* AppDelegate.swift */,
				FE004A33233F43A700286A50 /* SceneDelegate.swift */,
				FE004A35233F43A700286A50 /* MasterViewController.swift */,
				FE004A37233F43A700286A50 /* DetailViewController.swift */,
				FE004A39233F43A700286A50 /* Main.storyboard */,
				FE004A3C233F43A800286A50 /* Assets.xcassets */,
				FE004A3E233F43A800286A50 /* LaunchScreen.storyboard */,
				FE004A41233F43A800286A50 /* Info.plist */,
			);
			path = Splits;
			sourceTree = "<group>";
		};
/* End PBXGroup section */

/* Begin PBXNativeTarget section */
		FE004A2D233F43A700286A50 /* Splits */ = {
			isa = PBXNativeTarget;
			buildConfigurationList = FE004A44233F43A800286A50 /* Build configuration list for PBXNativeTarget "Splits" */;
			buildPhases = (
				FE004A2A233F43A700286A50 /* Sources */,
				FE004A2B233F43A700286A50 /* Frameworks */,
				FE004A2C233F43A700286A50 /* Resources */,
			);
			buildRules = (
			);
			dependencies = (
			);
			name = Splits;
			productName = Splits;
			productReference = FE004A2E233F43A700286A50 /* Splits.app */;
			productType = "com.apple.product-type.application";
		};
/* End PBXNativeTarget section */

/* Begin PBXProject section */
		FE004A26233F43A700286A50 /* Project object */ = {
			isa = PBXProject;
			attributes = {
				LastSwiftUpdateCheck = 1100;
				LastUpgradeCheck = 1100;
				ORGANIZATIONNAME = cinderella;
				TargetAttributes = {
					FE004A2D233F43A700286A50 = {
						CreatedOnToolsVersion = 11.0;
					};
				};
			};
			buildConfigurationList = FE004A29233F43A700286A50 /* Build configuration list for PBXProject "Splits" */;
			compatibilityVersion = "Xcode 9.3";
			developmentRegion = en;
			hasScannedForEncodings = 0;
			knownRegions = (
				en,
				Base,
			);
			mainGroup = FE004A25233F43A700286A50;
			productRefGroup = FE004A2F233F43A700286A50 /* Products */;
			projectDirPath = "";
			projectRoot = "";
			targets = (
				FE004A2D233F43A700286A50 /* Splits */,
			);
		};
/* End PBXProject section */

/* Begin PBXResourcesBuildPhase section */
		FE004A2C233F43A700286A50 /* Resources */ = {
			isa = PBXResourcesBuildPhase;
			buildActionMask = 2147483647;
			files = (
				FE004A40233F43A800286A50 /* LaunchScreen.storyboard in Resources */,
				FE004A3D233F43A800286A50 /* Assets.xcassets in Resources */,
				FE004A3B233F43A700286A50 /* Main.storyboard in Resources */,
			);
			runOnlyForDeploymentPostprocessing = 0;
		};
/* End PBXResourcesBuildPhase section */

/* Begin PBXSourcesBuildPhase section */
		FE004A2A233F43A700286A50 /* Sources */ = {
			isa = PBXSourcesBuildPhase;
			buildActionMask = 2147483647;
			files = (
				FE004A32233F43A700286A50 /* AppDelegate.swift in Sources */,
				FE004A34233F43A700286A50 /* SceneDelegate.swift in Sources */,
				FE004A36233F43A700286A50 /* MasterViewController.swift in Sources */,
				FE004A38233F43A700286A50 /* DetailViewController.swift in Sources */,
			);
			runOnlyForDeploymentPostprocessing = 0;
		};
/* End PBXSourcesBuildPhase section */

/* Begin PBXVariantGroup section */
		FE004A39233F43A700286A50 /* Main.storyboard */ = {
			isa = PBXVariantGroup;
			children = (
				FE004A3A233F43A700286A50 /* Base */,
			);
			name = Main.storyboard;
			sourceTree = "<group>";
		};
		FE004A3E233F43A800286A50 /* LaunchScreen.storyboard */ = {
			isa = PBXVariantGroup;
			children = (
				FE004A3F233F43A800286A50 /* Base */,
			);
			name = LaunchScreen.storyboard;
			sourceTree = "<group>";
		};
/* End PBXVariantGroup section */

/* Begin XCBuildConfiguration section */
		FE004A42233F43A800286A50 /* Debug */ = {
			isa = XCBuildConfiguration;
			buildSettings = {
				ALWAYS_SEARCH_USER_PATHS = NO;
				CLANG_ANALYZER_NONNULL = YES;
				CLANG_ANALYZER_NUMBER_OBJECT_CONVERSION = YES_AGGRESSIVE;
				CLANG_CXX_LANGUAGE_STANDARD = "gnu++14";
				CLANG_CXX_LIBRARY = "libc++";
				CLANG_ENABLE_MODULES = YES;
				CLANG_ENABLE_OBJC_ARC = YES;
				CLANG_ENABLE_OBJC_WEAK = YES;
				CLANG_WARN_BLOCK_CAPTURE_AUTORELEASING = YES;
				CLANG_WARN_BOOL_CONVERSION = YES;
				CLANG_WARN_COMMA = YES;
				CLANG_WARN_CONSTANT_CONVERSION = YES;
				CLANG_WARN_DEPRECATED_OBJC_IMPLEMENTATIONS = YES;
				CLANG_WARN_DIRECT_OBJC_ISA_USAGE = YES_ERROR;
				CLANG_WARN_DOCUMENTATION_COMMENTS = YES;
				CLANG_WARN_EMPTY_BODY = YES;
				CLANG_WARN_ENUM_CONVERSION = YES;
				CLANG_WARN_INFINITE_RECURSION = YES;
				CLANG_WARN_INT_CONVERSION = YES;
				CLANG_WARN_NON_LITERAL_NULL_CONVERSION = YES;
				CLANG_WARN_OBJC_IMPLICIT_RETAIN_SELF = YES;
				CLANG_WARN_OBJC_LITERAL_CONVERSION = YES;
				CLANG_WARN_OBJC_ROOT_CLASS = YES_ERROR;
				CLANG_WARN_RANGE_LOOP_ANALYSIS = YES;
				CLANG_WARN_STRICT_PROTOTYPES = YES;
				CLANG_WARN_SUSPICIOUS_MOVE = YES;
				CLANG_WARN_UNGUARDED_AVAILABILITY = YES_AGGRESSIVE;
				CLANG_WARN_UNREACHABLE_CODE = YES;
				CLANG_WARN__DUPLICATE_METHOD_MATCH = YES;
				COPY_PHASE_STRIP = NO;
				DEBUG_INFORMATION_FORMAT = dwarf;
				ENABLE_STRICT_OBJC_MSGSEND = YES;
				ENABLE_TESTABILITY = YES;
				GCC_C_LANGUAGE_STANDARD = gnu11;
				GCC_DYNAMIC_NO_PIC = NO;
				GCC_NO_COMMON_BLOCKS = YES;
				GCC_OPTIMIZATION_LEVEL = 0;
				GCC_PREPROCESSOR_DEFINITIONS = (
					"DEBUG=1",
					"$(inherited)",
				);
				GCC_WARN_64_TO_32_BIT_CONVERSION = YES;
				GCC_WARN_ABOUT_RETURN_TYPE = YES_ERROR;
				GCC_WARN_UNDECLARED_SELECTOR = YES;
				GCC_WARN_UNINITIALIZED_AUTOS = YES_AGGRESSIVE;
				GCC_WARN_UNUSED_FUNCTION = YES;
				GCC_WARN_UNUSED_VARIABLE = YES;
				IPHONEOS_DEPLOYMENT_TARGET = 13.0;
				MTL_ENABLE_DEBUG_INFO = INCLUDE_SOURCE;
				MTL_FAST_MATH = YES;
				ONLY_ACTIVE_ARCH = YES;
				SDKROOT = iphoneos;
				SWIFT_ACTIVE_COMPILATION_CONDITIONS = DEBUG;
				SWIFT_OPTIMIZATION_LEVEL = "-Onone";
			};
			name = Debug;
		};
		FE004A43233F43A800286A50 /* Release */ = {
			isa = XCBuildConfiguration;
			buildSettings = {
				ALWAYS_SEARCH_USER_PATHS = NO;
				CLANG_ANALYZER_NONNULL = YES;
				CLANG_ANALYZER_NUMBER_OBJECT_CONVERSION = YES_AGGRESSIVE;
				CLANG_CXX_LANGUAGE_STANDARD = "gnu++14";
				CLANG_CXX_LIBRARY = "libc++";
				CLANG_ENABLE_MODULES = YES;
				CLANG_ENABLE_OBJC_ARC = YES;
				CLANG_ENABLE_OBJC_WEAK = YES;
				CLANG_WARN_BLOCK_CAPTURE_AUTORELEASING = YES;
				CLANG_WARN_BOOL_CONVERSION = YES;
				CLANG_WARN_COMMA = YES;
				CLANG_WARN_CONSTANT_CONVERSION = YES;
				CLANG_WARN_DEPRECATED_OBJC_IMPLEMENTATIONS = YES;
				CLANG_WARN_DIRECT_OBJC_ISA_USAGE = YES_ERROR;
				CLANG_WARN_DOCUMENTATION_COMMENTS = YES;
				CLANG_WARN_EMPTY_BODY = YES;
				CLANG_WARN_ENUM_CONVERSION = YES;
				CLANG_WARN_INFINITE_RECURSION = YES;
				CLANG_WARN_INT_CONVERSION = YES;
				CLANG_WARN_NON_LITERAL_NULL_CONVERSION = YES;
				CLANG_WARN_OBJC_IMPLICIT_RETAIN_SELF = YES;
				CLANG_WARN_OBJC_LITERAL_CONVERSION = YES;
				CLANG_WARN_OBJC_ROOT_CLASS = YES_ERROR;
				CLANG_WARN_RANGE_LOOP_ANALYSIS = YES;
				CLANG_WARN_STRICT_PROTOTYPES = YES;
				CLANG_WARN_SUSPICIOUS_MOVE = YES;
				CLANG_WARN_UNGUARDED_AVAILABILITY = YES_AGGRESSIVE;
				CLANG_WARN_UNREACHABLE_CODE = YES;
				CLANG_WARN__DUPLICATE_METHOD_MATCH = YES;
				COPY_PHASE_STRIP = NO;
				DEBUG_INFORMATION_FORMAT = "dwarf-with-dsym";
				ENABLE_NS_ASSERTIONS = NO;
				ENABLE_STRICT_OBJC_MSGSEND = YES;
				GCC_C_LANGUAGE_STANDARD = gnu11;
				GCC_NO_COMMON_BLOCKS = YES;
				GCC_WARN_64_TO_32_BIT_CONVERSION = YES;
				GCC_WARN_ABOUT_RETURN_TYPE = YES_ERROR;
				GCC_WARN_UNDECLARED_SELECTOR = YES;
				GCC_WARN_UNINITIALIZED_AUTOS = YES_AGGRESSIVE;
				GCC_WARN_UNUSED_FUNCTION = YES;
				GCC_WARN_UNUSED_VARIABLE = YES;
				IPHONEOS_DEPLOYMENT_TARGET = 13.0;
				MTL_ENABLE_DEBUG_INFO = NO;
				MTL_FAST_MATH = YES;
				SDKROOT = iphoneos;
				SWIFT_COMPILATION_MODE = wholemodule;
				SWIFT_OPTIMIZATION_LEVEL = "-O";
				VALIDATE_PRODUCT = YES;
			};
			name = Release;
		};
		FE004A45233F43A800286A50 /* Debug */ = {
			isa = XCBuildConfiguration;
			buildSettings = {
				ASSETCATALOG_COMPILER_APPICON_NAME = AppIcon;
				CODE_SIGN_STYLE = Automatic;
				DEVELOPMENT_TEAM = S34YM3S85L;
				INFOPLIST_FILE = Splits/Info.plist;
				LD_RUNPATH_SEARCH_PATHS = (
					"$(inherited)",
					"@executable_path/Frameworks",
				);
				PRODUCT_BUNDLE_IDENTIFIER = cinderella.Splits;
				PRODUCT_NAME = "$(TARGET_NAME)";
				SWIFT_VERSION = 5.0;
				TARGETED_DEVICE_FAMILY = "1,2";
			};
			name = Debug;
		};
		FE004A46233F43A800286A50 /* Release */ = {
			isa = XCBuildConfiguration;
			buildSettings = {
				ASSETCATALOG_COMPILER_APPICON_NAME = AppIcon;
				CODE_SIGN_STYLE = Automatic;
				DEVELOPMENT_TEAM = S34YM3S85L;
				INFOPLIST_FILE = Splits/Info.plist;
				LD_RUNPATH_SEARCH_PATHS = (
					"$(inherited)",
					"@executable_path/Frameworks",
				);
				PRODUCT_BUNDLE_IDENTIFIER = cinderella.Splits;
				PRODUCT_NAME = "$(TARGET_NAME)";
				SWIFT_VERSION = 5.0;
				TARGETED_DEVICE_FAMILY = "1,2";
			};
			name = Release;
		};
/* End XCBuildConfiguration section */

/* Begin XCConfigurationList section */
		FE004A29233F43A700286A50 /* Build configuration list for PBXProject "Splits" */ = {
			isa = XCConfigurationList;
			buildConfigurations = (
				FE004A42233F43A800286A50 /* Debug */,
				FE004A43233F43A800286A50 /* Release */,
			);
			defaultConfigurationIsVisible = 0;
			defaultConfigurationName = Release;
		};
		FE004A44233F43A800286A50 /* Build configuration list for PBXNativeTarget "Splits" */ = {
			isa = XCConfigurationList;
			buildConfigurations = (
				FE004A45233F43A800286A50 /* Debug */,
				FE004A46233F43A800286A50 /* Release */,
			);
			defaultConfigurationIsVisible = 0;
			defaultConfigurationName = Release;
		};
/* End XCConfigurationList section */
	};
	rootObject = FE004A26233F43A700286A50 /* Project object */;
}
